<?xml version="1.0" encoding="utf-8"?>
<Project ToolsVersion="4.0" xmlns="http://schemas.microsoft.com/developer/msbuild/2003">
  <ItemGroup>
    <Filter Include="리소스 파일">
      <UniqueIdentifier>{67DA6AB6-F800-4c08-8B7A-83BB121AAD01}</UniqueIdentifier>
      <Extensions>rc;ico;cur;bmp;dlg;rc2;rct;bin;rgs;gif;jpg;jpeg;jpe;resx;tiff;tif;png;wav;mfcribbon-ms</Extensions>
    </Filter>
    <Filter Include="Source Files">
      <UniqueIdentifier>{4FC737F1-C7A5-4376-A066-2A32D752A2FF}</UniqueIdentifier>
      <Extensions>cpp;c;cc;cxx;def;odl;idl;hpj;bat;asm;asmx</Extensions>
    </Filter>
    <Filter Include="Header Files">
      <UniqueIdentifier>{93995380-89BD-4b04-88EB-625FBE52EBFB}</UniqueIdentifier>
      <Extensions>h;hh;hpp;hxx;hm;inl;inc;xsd</Extensions>
    </Filter>
    <Filter Include="imgui">
      <UniqueIdentifier>{6203b86a-945d-4cb3-b253-04663b967d0e}</UniqueIdentifier>
    </Filter>
    <Filter Include="imgui_impl">
      <UniqueIdentifier>{fd92ea69-54c3-4340-ac80-3f7b82df013a}</UniqueIdentifier>
    </Filter>
  </ItemGroup>
  <ItemGroup>
    <ClCompile Include="STA_4con_d++.cpp">
      <Filter>Source Files</Filter>
    </ClCompile>
    <ClCompile Include="FullTest_p++.cpp">
      <Filter>Source Files</Filter>
    </ClCompile>
    <ClCompile Include="FullTest_d++.cpp">
      <Filter>Source Files</Filter>
    </ClCompile>
    <ClCompile Include="main.cpp">
      <Filter>Source Files</Filter>
    </ClCompile>
    <ClCompile Include="UI.cpp">
      <Filter>Source Files</Filter>
    </ClCompile>
    <ClCompile Include="DefPD.cpp">
      <Filter>Source Files</Filter>
    </ClCompile>
    <ClCompile Include="DefDefPD.cpp">
      <Filter>Source Files</Filter>
    </ClCompile>
    <ClCompile Include="RigidPD.cpp">
      <Filter>Source Files</Filter>
    </ClCompile>
    <ClCompile Include="DataStructure.cpp">
      <Filter>Source Files</Filter>
    </ClCompile>
    <ClCompile Include="TetTet.cpp">
      <Filter>Source Files</Filter>
    </ClCompile>
    <ClCompile Include="PrimitiveTests.cpp">
      <Filter>Source Files</Filter>
    </ClCompile>
    <ClCompile Include="problem.cpp">
      <Filter>Source Files</Filter>
    </ClCompile>
    <ClCompile Include="extensionUI.cpp">
      <Filter>Source Files</Filter>
    </ClCompile>
    <ClCompile Include="ResultAnimation.cpp">
      <Filter>Source Files</Filter>
    </ClCompile>
    <ClCompile Include="imgui.cpp">
      <Filter>imgui</Filter>
    </ClCompile>
    <ClCompile Include="imgui_demo.cpp">
      <Filter>imgui</Filter>
    </ClCompile>
    <ClCompile Include="imgui_draw.cpp">
      <Filter>imgui</Filter>
    </ClCompile>
    <ClCompile Include="imgui_widgets.cpp">
      <Filter>imgui</Filter>
    </ClCompile>
    <ClCompile Include="imgui_impl_glut.cpp">
      <Filter>imgui_impl</Filter>
    </ClCompile>
    <ClCompile Include="imgui_impl_opengl2.cpp">
      <Filter>imgui_impl</Filter>
    </ClCompile>
    <ClCompile Include="imgui_main.cpp">
      <Filter>imgui_impl</Filter>
    </ClCompile>
  </ItemGroup>
  <ItemGroup>
    <ClInclude Include="FullTest_p.h">
      <Filter>Header Files</Filter>
    </ClInclude>
    <ClInclude Include="UI.h">
      <Filter>Header Files</Filter>
    </ClInclude>
    <ClInclude Include="DefPD.h">
      <Filter>Header Files</Filter>
    </ClInclude>
    <ClInclude Include="DefDefPD.h">
      <Filter>Header Files</Filter>
    </ClInclude>
    <ClInclude Include="RigidPD.h">
      <Filter>Header Files</Filter>
    </ClInclude>
    <ClInclude Include="DataStructure.h">
      <Filter>Header Files</Filter>
    </ClInclude>
    <ClInclude Include="TetTet.h">
      <Filter>Header Files</Filter>
    </ClInclude>
    <ClInclude Include="TetModel.h">
      <Filter>Header Files</Filter>
    </ClInclude>
    <ClInclude Include="imconfig.h">
      <Filter>imgui</Filter>
    </ClInclude>
    <ClInclude Include="imgui.h">
      <Filter>imgui</Filter>
    </ClInclude>
    <ClInclude Include="imgui_internal.h">
      <Filter>imgui</Filter>
    </ClInclude>
    <ClInclude Include="imgui_impl_glut.h">
      <Filter>imgui_impl</Filter>
    </ClInclude>
    <ClInclude Include="imgui_impl_opengl2.h">
      <Filter>imgui_impl</Filter>
    </ClInclude>
    <ClInclude Include="imstb_rectpack.h">
      <Filter>imgui</Filter>
    </ClInclude>
    <ClInclude Include="imstb_textedit.h">
      <Filter>imgui</Filter>
    </ClInclude>
    <ClInclude Include="imstb_truetype.h">
      <Filter>imgui</Filter>
    </ClInclude>
  </ItemGroup>
</Project>